
Microsoft Visual Studio Solution File, Format Version 11.00
# Visual Studio 2010
Project("{FAE04EC0-301F-11D3-BF4B-00C04F79EFBC}") = "EVP.WebToPay.ClientAPIExample", "EVP.WebToPay.ClientAPIExample\EVP.WebToPay.ClientAPIExample.csproj", "{95611972-503A-4DF6-B87C-C070DD408AF4}"
EndProject
Project("{FAE04EC0-301F-11D3-BF4B-00C04F79EFBC}") = "EVP.WebToPay.ClientAPI", "..\EVP.WebToPay.ClientAPI\EVP.WebToPay.ClientAPI\EVP.WebToPay.ClientAPI.csproj", "{C7B10777-6691-4294-B6B9-6F3BDDC10D6A}"
EndProject
Global
	GlobalSection(SolutionConfigurationPlatforms) = preSolution
		Debug|Any CPU = Debug|Any CPU
		Release|Any CPU = Release|Any CPU
	EndGlobalSection
	GlobalSection(ProjectConfigurationPlatforms) = postSolution
		{95611972-503A-4DF6-B87C-C070DD408AF4}.Debug|Any CPU.ActiveCfg = Debug|Any CPU
		{95611972-503A-4DF6-B87C-C070DD408AF4}.Debug|Any CPU.Build.0 = Debug|Any CPU
		{95611972-503A-4DF6-B87C-C070DD408AF4}.Release|Any CPU.ActiveCfg = Release|Any CPU
		{95611972-503A-4DF6-B87C-C070DD408AF4}.Release|Any CPU.Build.0 = Release|Any CPU
		{C7B10777-6691-4294-B6B9-6F3BDDC10D6A}.Debug|Any CPU.ActiveCfg = Debug|Any CPU
		{C7B10777-6691-4294-B6B9-6F3BDDC10D6A}.Debug|Any CPU.Build.0 = Debug|Any CPU
		{C7B10777-6691-4294-B6B9-6F3BDDC10D6A}.Release|Any CPU.ActiveCfg = Release|Any CPU
		{C7B10777-6691-4294-B6B9-6F3BDDC10D6A}.Release|Any CPU.Build.0 = Release|Any CPU
	EndGlobalSection
	GlobalSection(SolutionProperties) = preSolution
		HideSolutionNode = FALSE
	EndGlobalSection
	GlobalSection(SubversionScc) = preSolution
		Svn-Managed = True
		Manager = AnkhSVN - Subversion Support for Visual Studio
	EndGlobalSection
EndGlobal
